
Microsoft Visual Studio Solution File, Format Version 12.00
# Visual Studio Version 16
VisualStudioVersion = 16.0.31702.278
MinimumVisualStudioVersion = 10.0.40219.1
Project("{FAE04EC0-301F-11D3-BF4B-00C04F79EFBC}") = "WindowsFormsApp3", "WindowsFormsApp3\WindowsFormsApp3.csproj", "{1860AFB4-27BD-4FEA-AA36-4F55FFCCFBFA}"
EndProject
Global
	GlobalSection(SolutionConfigurationPlatforms) = preSolution
		Debug|Any CPU = Debug|Any CPU
		Release|Any CPU = Release|Any CPU
	EndGlobalSection
	GlobalSection(ProjectConfigurationPlatforms) = postSolution
		{1860AFB4-27BD-4FEA-AA36-4F55FFCCFBFA}.Debug|Any CPU.ActiveCfg = Debug|Any CPU
		{1860AFB4-27BD-4FEA-AA36-4F55FFCCFBFA}.Debug|Any CPU.Build.0 = Debug|Any CPU
		{1860AFB4-27BD-4FEA-AA36-4F55FFCCFBFA}.Release|Any CPU.ActiveCfg = Release|Any CPU
		{1860AFB4-27BD-4FEA-AA36-4F55FFCCFBFA}.Release|Any CPU.Build.0 = Release|Any CPU
	EndGlobalSection
	GlobalSection(SolutionProperties) = preSolution
		HideSolutionNode = FALSE
	EndGlobalSection
	GlobalSection(ExtensibilityGlobals) = postSolution
		SolutionGuid = {8C566E97-373A-4694-9C7C-7580B7E4B42E}
	EndGlobalSection
EndGlobal
